
Microsoft Visual Studio Solution File, Format Version 12.00
# Visual Studio 15
VisualStudioVersion = 15.0.26228.9
MinimumVisualStudioVersion = 10.0.40219.1
Project("{2150E333-8FDC-42A3-9474-1A3956D46DE8}") = "Solution Items", "Solution Items", "{193FCACB-B9DE-4A6E-B505-30807EDCFDB1}"
EndProject
Project("{2150E333-8FDC-42A3-9474-1A3956D46DE8}") = "Libs", "Libs", "{1606F9AD-F2CE-4F36-AAC8-ED747EC3156F}"
EndProject
Project("{2150E333-8FDC-42A3-9474-1A3956D46DE8}") = "Prism v4", "Prism v4", "{D04DC8C1-BC0C-43AB-AC72-6A93431D1846}"
	ProjectSection(SolutionItems) = preProject
		Libs\Prism v4\Microsoft.Practices.Prism.dll = Libs\Prism v4\Microsoft.Practices.Prism.dll
		Libs\Prism v4\Microsoft.Practices.Prism.Interactivity.dll = Libs\Prism v4\Microsoft.Practices.Prism.Interactivity.dll
		Libs\Prism v4\Microsoft.Practices.Prism.MefExtensions.dll = Libs\Prism v4\Microsoft.Practices.Prism.MefExtensions.dll
		Libs\Prism v4\Microsoft.Practices.Prism.UnityExtensions.dll = Libs\Prism v4\Microsoft.Practices.Prism.UnityExtensions.dll
		Libs\Prism v4\Microsoft.Practices.ServiceLocation.dll = Libs\Prism v4\Microsoft.Practices.ServiceLocation.dll
		Libs\Prism v4\Microsoft.Practices.Unity.dll = Libs\Prism v4\Microsoft.Practices.Unity.dll
	EndProjectSection
EndProject
Project("{FAE04EC0-301F-11D3-BF4B-00C04F79EFBC}") = "Main", "Main\Main.csproj", "{C4D2E963-DF9D-4EF8-991D-227968054697}"
EndProject
Project("{2150E333-8FDC-42A3-9474-1A3956D46DE8}") = "Modules", "Modules", "{EC7BA0E7-8409-4F6D-8125-B1187C448F53}"
EndProject
Project("{FAE04EC0-301F-11D3-BF4B-00C04F79EFBC}") = "ModuleA", "ModuleA\ModuleA.csproj", "{4C6369AC-9876-483F-AEF1-7EB230046822}"
EndProject
Project("{FAE04EC0-301F-11D3-BF4B-00C04F79EFBC}") = "Main.Infrastructure", "Main.Infrastructure\Main.Infrastructure.csproj", "{80665825-DDBD-4863-A2DA-63450D63B810}"
EndProject
Project("{FAE04EC0-301F-11D3-BF4B-00C04F79EFBC}") = "People", "People\People.csproj", "{FBF050A6-5EF0-4183-AD18-17755D0B0221}"
EndProject
Project("{FAE04EC0-301F-11D3-BF4B-00C04F79EFBC}") = "StatusBar", "StatusBar\StatusBar.csproj", "{EFAC30CD-7C0B-406F-A870-C1362BC91F31}"
EndProject
Project("{2150E333-8FDC-42A3-9474-1A3956D46DE8}") = "Business", "Business", "{CCAED40C-5C6B-4D06-8C0D-605A4A30E1BF}"
EndProject
Project("{FAE04EC0-301F-11D3-BF4B-00C04F79EFBC}") = "Business", "Business\Business.csproj", "{6A87A10F-8747-4738-903F-8688584CDDAC}"
EndProject
Project("{FAE04EC0-301F-11D3-BF4B-00C04F79EFBC}") = "Toolbar", "Toolbar\Toolbar.csproj", "{EF1F9422-3245-4CCE-BD20-E7D0E022C9A8}"
EndProject
Project("{FAE04EC0-301F-11D3-BF4B-00C04F79EFBC}") = "Services", "Services\Services.csproj", "{5E38BC0B-6057-4BAF-9F09-6CD31515BC47}"
EndProject
Global
	GlobalSection(SolutionConfigurationPlatforms) = preSolution
		Debug|Any CPU = Debug|Any CPU
		Release|Any CPU = Release|Any CPU
	EndGlobalSection
	GlobalSection(ProjectConfigurationPlatforms) = postSolution
		{C4D2E963-DF9D-4EF8-991D-227968054697}.Debug|Any CPU.ActiveCfg = Debug|Any CPU
		{C4D2E963-DF9D-4EF8-991D-227968054697}.Debug|Any CPU.Build.0 = Debug|Any CPU
		{C4D2E963-DF9D-4EF8-991D-227968054697}.Release|Any CPU.ActiveCfg = Release|Any CPU
		{C4D2E963-DF9D-4EF8-991D-227968054697}.Release|Any CPU.Build.0 = Release|Any CPU
		{4C6369AC-9876-483F-AEF1-7EB230046822}.Debug|Any CPU.ActiveCfg = Debug|Any CPU
		{4C6369AC-9876-483F-AEF1-7EB230046822}.Debug|Any CPU.Build.0 = Debug|Any CPU
		{4C6369AC-9876-483F-AEF1-7EB230046822}.Release|Any CPU.ActiveCfg = Release|Any CPU
		{4C6369AC-9876-483F-AEF1-7EB230046822}.Release|Any CPU.Build.0 = Release|Any CPU
		{80665825-DDBD-4863-A2DA-63450D63B810}.Debug|Any CPU.ActiveCfg = Debug|Any CPU
		{80665825-DDBD-4863-A2DA-63450D63B810}.Debug|Any CPU.Build.0 = Debug|Any CPU
		{80665825-DDBD-4863-A2DA-63450D63B810}.Release|Any CPU.ActiveCfg = Release|Any CPU
		{80665825-DDBD-4863-A2DA-63450D63B810}.Release|Any CPU.Build.0 = Release|Any CPU
		{FBF050A6-5EF0-4183-AD18-17755D0B0221}.Debug|Any CPU.ActiveCfg = Debug|Any CPU
		{FBF050A6-5EF0-4183-AD18-17755D0B0221}.Debug|Any CPU.Build.0 = Debug|Any CPU
		{FBF050A6-5EF0-4183-AD18-17755D0B0221}.Release|Any CPU.ActiveCfg = Release|Any CPU
		{FBF050A6-5EF0-4183-AD18-17755D0B0221}.Release|Any CPU.Build.0 = Release|Any CPU
		{EFAC30CD-7C0B-406F-A870-C1362BC91F31}.Debug|Any CPU.ActiveCfg = Debug|Any CPU
		{EFAC30CD-7C0B-406F-A870-C1362BC91F31}.Debug|Any CPU.Build.0 = Debug|Any CPU
		{EFAC30CD-7C0B-406F-A870-C1362BC91F31}.Release|Any CPU.ActiveCfg = Release|Any CPU
		{EFAC30CD-7C0B-406F-A870-C1362BC91F31}.Release|Any CPU.Build.0 = Release|Any CPU
		{6A87A10F-8747-4738-903F-8688584CDDAC}.Debug|Any CPU.ActiveCfg = Debug|Any CPU
		{6A87A10F-8747-4738-903F-8688584CDDAC}.Debug|Any CPU.Build.0 = Debug|Any CPU
		{6A87A10F-8747-4738-903F-8688584CDDAC}.Release|Any CPU.ActiveCfg = Release|Any CPU
		{6A87A10F-8747-4738-903F-8688584CDDAC}.Release|Any CPU.Build.0 = Release|Any CPU
		{EF1F9422-3245-4CCE-BD20-E7D0E022C9A8}.Debug|Any CPU.ActiveCfg = Debug|Any CPU
		{EF1F9422-3245-4CCE-BD20-E7D0E022C9A8}.Debug|Any CPU.Build.0 = Debug|Any CPU
		{EF1F9422-3245-4CCE-BD20-E7D0E022C9A8}.Release|Any CPU.ActiveCfg = Release|Any CPU
		{EF1F9422-3245-4CCE-BD20-E7D0E022C9A8}.Release|Any CPU.Build.0 = Release|Any CPU
		{5E38BC0B-6057-4BAF-9F09-6CD31515BC47}.Debug|Any CPU.ActiveCfg = Debug|Any CPU
		{5E38BC0B-6057-4BAF-9F09-6CD31515BC47}.Debug|Any CPU.Build.0 = Debug|Any CPU
		{5E38BC0B-6057-4BAF-9F09-6CD31515BC47}.Release|Any CPU.ActiveCfg = Release|Any CPU
		{5E38BC0B-6057-4BAF-9F09-6CD31515BC47}.Release|Any CPU.Build.0 = Release|Any CPU
	EndGlobalSection
	GlobalSection(SolutionProperties) = preSolution
		HideSolutionNode = FALSE
	EndGlobalSection
	GlobalSection(NestedProjects) = preSolution
		{D04DC8C1-BC0C-43AB-AC72-6A93431D1846} = {1606F9AD-F2CE-4F36-AAC8-ED747EC3156F}
		{4C6369AC-9876-483F-AEF1-7EB230046822} = {EC7BA0E7-8409-4F6D-8125-B1187C448F53}
		{FBF050A6-5EF0-4183-AD18-17755D0B0221} = {EC7BA0E7-8409-4F6D-8125-B1187C448F53}
		{EFAC30CD-7C0B-406F-A870-C1362BC91F31} = {EC7BA0E7-8409-4F6D-8125-B1187C448F53}
		{6A87A10F-8747-4738-903F-8688584CDDAC} = {CCAED40C-5C6B-4D06-8C0D-605A4A30E1BF}
		{EF1F9422-3245-4CCE-BD20-E7D0E022C9A8} = {EC7BA0E7-8409-4F6D-8125-B1187C448F53}
		{5E38BC0B-6057-4BAF-9F09-6CD31515BC47} = {EC7BA0E7-8409-4F6D-8125-B1187C448F53}
	EndGlobalSection
EndGlobal
